// !$*UTF8*$!
{
	archiveVersion = 1;
	classes = {
	};
	objectVersion = 52;
	objects = {

/* Begin PBXBuildFile section */
		9A3CC5FE24DECD580084F2F3 /* LocationManagerProtocol.swift in Sources */ = {isa = PBXBuildFile; fileRef = 9A3CC5FD24DECD580084F2F3 /* LocationManagerProtocol.swift */; };
		9A3CC60024DECEEE0084F2F3 /* MockLocationManager.swift in Sources */ = {isa = PBXBuildFile; fileRef = 9A3CC5FF24DECEEE0084F2F3 /* MockLocationManager.swift */; };
		9A3CC60224DED0220084F2F3 /* LocationFetcherTests.swift in Sources */ = {isa = PBXBuildFile; fileRef = 9A3CC60124DED0220084F2F3 /* LocationFetcherTests.swift */; };
		9A3CC60624DEDD9C0084F2F3 /* XCTest+Extensions.swift in Sources */ = {isa = PBXBuildFile; fileRef = 9A3CC60524DEDD9C0084F2F3 /* XCTest+Extensions.swift */; };
		9A3CC62824DF83250084F2F3 /* Localizable.strings in Resources */ = {isa = PBXBuildFile; fileRef = 9A3CC62A24DF83250084F2F3 /* Localizable.strings */; };
		9A3CC63024DF84270084F2F3 /* String+Extensions.swift in Sources */ = {isa = PBXBuildFile; fileRef = 9A3CC62F24DF84270084F2F3 /* String+Extensions.swift */; };
		9A3CC63224DF94D50084F2F3 /* Parser.swift in Sources */ = {isa = PBXBuildFile; fileRef = 9A3CC63124DF94D50084F2F3 /* Parser.swift */; };
		9A3CC63424DF973D0084F2F3 /* PhotoManager.swift in Sources */ = {isa = PBXBuildFile; fileRef = 9A3CC63324DF973D0084F2F3 /* PhotoManager.swift */; };
		9A3CC64824DFA01D0084F2F3 /* ConfigurationManager.swift in Sources */ = {isa = PBXBuildFile; fileRef = 9A3CC64724DFA01D0084F2F3 /* ConfigurationManager.swift */; };
		9A3CC64C24DFA1DB0084F2F3 /* ConfigurationManagerTests.swift in Sources */ = {isa = PBXBuildFile; fileRef = 9A3CC64B24DFA1DB0084F2F3 /* ConfigurationManagerTests.swift */; };
		9A3CC65124DFA6AC0084F2F3 /* Photos.json in Resources */ = {isa = PBXBuildFile; fileRef = 9A3CC65024DFA6AC0084F2F3 /* Photos.json */; };
		9A3CC65324DFB4BE0084F2F3 /* PhotoRequests.swift in Sources */ = {isa = PBXBuildFile; fileRef = 9A3CC65224DFB4BE0084F2F3 /* PhotoRequests.swift */; };
		9A5573E424DE86EB00853A5F /* AppDelegate.swift in Sources */ = {isa = PBXBuildFile; fileRef = 9A5573E324DE86EB00853A5F /* AppDelegate.swift */; };
		9A5573E624DE86EB00853A5F /* SceneDelegate.swift in Sources */ = {isa = PBXBuildFile; fileRef = 9A5573E524DE86EB00853A5F /* SceneDelegate.swift */; };
		9A5573EA24DE86EE00853A5F /* Assets.xcassets in Resources */ = {isa = PBXBuildFile; fileRef = 9A5573E924DE86EE00853A5F /* Assets.xcassets */; };
		9A5573ED24DE86EE00853A5F /* Preview Assets.xcassets in Resources */ = {isa = PBXBuildFile; fileRef = 9A5573EC24DE86EE00853A5F /* Preview Assets.xcassets */; };
		9A5573F024DE86EE00853A5F /* LaunchScreen.storyboard in Resources */ = {isa = PBXBuildFile; fileRef = 9A5573EE24DE86EE00853A5F /* LaunchScreen.storyboard */; };
		9A55740624DE86EF00853A5F /* FlickrImageViewerUITests.swift in Sources */ = {isa = PBXBuildFile; fileRef = 9A55740524DE86EF00853A5F /* FlickrImageViewerUITests.swift */; };
		9A55741724DE889400853A5F /* GalleryView.swift in Sources */ = {isa = PBXBuildFile; fileRef = 9A55741624DE889400853A5F /* GalleryView.swift */; };
		9A55741924DE88FD00853A5F /* GalleryViewModel.swift in Sources */ = {isa = PBXBuildFile; fileRef = 9A55741824DE88FD00853A5F /* GalleryViewModel.swift */; };
		9A55741B24DE8A0B00853A5F /* LocationManager.swift in Sources */ = {isa = PBXBuildFile; fileRef = 9A55741A24DE8A0B00853A5F /* LocationManager.swift */; };
		9A55741E24DE8C8400853A5F /* Response.swift in Sources */ = {isa = PBXBuildFile; fileRef = 9A55741D24DE8C8400853A5F /* Response.swift */; };
		9A55742024DE8CD600853A5F /* Errors.swift in Sources */ = {isa = PBXBuildFile; fileRef = 9A55741F24DE8CD600853A5F /* Errors.swift */; };
		9AB464DF24DFB6A400256969 /* NetworkRequestProtocol.swift in Sources */ = {isa = PBXBuildFile; fileRef = 9AB464DE24DFB6A400256969 /* NetworkRequestProtocol.swift */; };
		9AB464E124DFBB2300256969 /* RequestFactory.swift in Sources */ = {isa = PBXBuildFile; fileRef = 9AB464E024DFBB2300256969 /* RequestFactory.swift */; };
		9AB464E324DFC66500256969 /* CommonPayload.swift in Sources */ = {isa = PBXBuildFile; fileRef = 9AB464E224DFC66500256969 /* CommonPayload.swift */; };
		9AB464E724DFD02700256969 /* JsonParserableTests.swift in Sources */ = {isa = PBXBuildFile; fileRef = 9AB464E624DFD02700256969 /* JsonParserableTests.swift */; };
		9AB464E924DFD37800256969 /* RequestFactoryTests.swift in Sources */ = {isa = PBXBuildFile; fileRef = 9AB464E824DFD37800256969 /* RequestFactoryTests.swift */; };
		9AB464EB24DFE29C00256969 /* MockConfigurationManager.swift in Sources */ = {isa = PBXBuildFile; fileRef = 9AB464EA24DFE29C00256969 /* MockConfigurationManager.swift */; };
		9AB464EE24E0169800256969 /* PhotoManagerTests.swift in Sources */ = {isa = PBXBuildFile; fileRef = 9AB464ED24E0169800256969 /* PhotoManagerTests.swift */; };
		9AB464F224E1386400256969 /* JsonLoader.swift in Sources */ = {isa = PBXBuildFile; fileRef = 9AB464F124E1386400256969 /* JsonLoader.swift */; };
		9AB464F624E13A0400256969 /* ParserTests.swift in Sources */ = {isa = PBXBuildFile; fileRef = 9AB464F524E13A0400256969 /* ParserTests.swift */; };
		9AB464FA24E14D7A00256969 /* PhotoGridView.swift in Sources */ = {isa = PBXBuildFile; fileRef = 9AB464F924E14D7A00256969 /* PhotoGridView.swift */; };
		9AB464FC24E1DE3600256969 /* PhotoGridViewModel.swift in Sources */ = {isa = PBXBuildFile; fileRef = 9AB464FB24E1DE3600256969 /* PhotoGridViewModel.swift */; };
		9AB464FF24E1E7B400256969 /* PreviewView.swift in Sources */ = {isa = PBXBuildFile; fileRef = 9AB464FE24E1E7B400256969 /* PreviewView.swift */; };
		9AB4650124E1E80600256969 /* PreviewViewModel.swift in Sources */ = {isa = PBXBuildFile; fileRef = 9AB4650024E1E80600256969 /* PreviewViewModel.swift */; };
		9AB4650724E208EF00256969 /* Grid in Frameworks */ = {isa = PBXBuildFile; productRef = 9AB4650624E208EF00256969 /* Grid */; };
/* End PBXBuildFile section */

/* Begin PBXContainerItemProxy section */
		9A5573F724DE86EF00853A5F /* PBXContainerItemProxy */ = {
			isa = PBXContainerItemProxy;
			containerPortal = 9A5573D824DE86EB00853A5F /* Project object */;
			proxyType = 1;
			remoteGlobalIDString = 9A5573DF24DE86EB00853A5F;
			remoteInfo = FlickrImageViewer;
		};
		9A55740224DE86EF00853A5F /* PBXContainerItemProxy */ = {
			isa = PBXContainerItemProxy;
			containerPortal = 9A5573D824DE86EB00853A5F /* Project object */;
			proxyType = 1;
			remoteGlobalIDString = 9A5573DF24DE86EB00853A5F;
			remoteInfo = FlickrImageViewer;
		};
/* End PBXContainerItemProxy section */

/* Begin PBXFileReference section */
		9A3CC5FD24DECD580084F2F3 /* LocationManagerProtocol.swift */ = {isa = PBXFileReference; lastKnownFileType = sourcecode.swift; path = LocationManagerProtocol.swift; sourceTree = "<group>"; };
		9A3CC5FF24DECEEE0084F2F3 /* MockLocationManager.swift */ = {isa = PBXFileReference; lastKnownFileType = sourcecode.swift; path = MockLocationManager.swift; sourceTree = "<group>"; };
		9A3CC60124DED0220084F2F3 /* LocationFetcherTests.swift */ = {isa = PBXFileReference; lastKnownFileType = sourcecode.swift; path = LocationFetcherTests.swift; sourceTree = "<group>"; };
		9A3CC60524DEDD9C0084F2F3 /* XCTest+Extensions.swift */ = {isa = PBXFileReference; lastKnownFileType = sourcecode.swift; path = "XCTest+Extensions.swift"; sourceTree = "<group>"; };
		9A3CC62924DF83250084F2F3 /* en */ = {isa = PBXFileReference; lastKnownFileType = text.plist.strings; name = en; path = en.lproj/Localizable.strings; sourceTree = "<group>"; };
		9A3CC62B24DF83450084F2F3 /* vi */ = {isa = PBXFileReference; lastKnownFileType = text.plist.strings; name = vi; path = vi.lproj/Localizable.strings; sourceTree = "<group>"; };
		9A3CC62C24DF83450084F2F3 /* vi */ = {isa = PBXFileReference; lastKnownFileType = file.storyboard; name = vi; path = vi.lproj/LaunchScreen.storyboard; sourceTree = "<group>"; };
		9A3CC62F24DF84270084F2F3 /* String+Extensions.swift */ = {isa = PBXFileReference; lastKnownFileType = sourcecode.swift; path = "String+Extensions.swift"; sourceTree = "<group>"; };
		9A3CC63124DF94D50084F2F3 /* Parser.swift */ = {isa = PBXFileReference; lastKnownFileType = sourcecode.swift; path = Parser.swift; sourceTree = "<group>"; };
		9A3CC63324DF973D0084F2F3 /* PhotoManager.swift */ = {isa = PBXFileReference; lastKnownFileType = sourcecode.swift; path = PhotoManager.swift; sourceTree = "<group>"; };
		9A3CC63C24DF9B720084F2F3 /* Development.xcconfig */ = {isa = PBXFileReference; lastKnownFileType = text.xcconfig; path = Development.xcconfig; sourceTree = "<group>"; };
		9A3CC63D24DF9B820084F2F3 /* Production.xcconfig */ = {isa = PBXFileReference; lastKnownFileType = text.xcconfig; path = Production.xcconfig; sourceTree = "<group>"; };
		9A3CC64624DF9E2D0084F2F3 /* Base.xcconfig */ = {isa = PBXFileReference; lastKnownFileType = text.xcconfig; path = Base.xcconfig; sourceTree = "<group>"; };
		9A3CC64724DFA01D0084F2F3 /* ConfigurationManager.swift */ = {isa = PBXFileReference; lastKnownFileType = sourcecode.swift; path = ConfigurationManager.swift; sourceTree = "<group>"; };
		9A3CC64B24DFA1DB0084F2F3 /* ConfigurationManagerTests.swift */ = {isa = PBXFileReference; lastKnownFileType = sourcecode.swift; path = ConfigurationManagerTests.swift; sourceTree = "<group>"; };
		9A3CC65024DFA6AC0084F2F3 /* Photos.json */ = {isa = PBXFileReference; lastKnownFileType = text.json; path = Photos.json; sourceTree = "<group>"; };
		9A3CC65224DFB4BE0084F2F3 /* PhotoRequests.swift */ = {isa = PBXFileReference; lastKnownFileType = sourcecode.swift; path = PhotoRequests.swift; sourceTree = "<group>"; };
		9A5573E024DE86EB00853A5F /* FlickrImageViewer.app */ = {isa = PBXFileReference; explicitFileType = wrapper.application; includeInIndex = 0; path = FlickrImageViewer.app; sourceTree = BUILT_PRODUCTS_DIR; };
		9A5573E324DE86EB00853A5F /* AppDelegate.swift */ = {isa = PBXFileReference; lastKnownFileType = sourcecode.swift; path = AppDelegate.swift; sourceTree = "<group>"; };
		9A5573E524DE86EB00853A5F /* SceneDelegate.swift */ = {isa = PBXFileReference; lastKnownFileType = sourcecode.swift; path = SceneDelegate.swift; sourceTree = "<group>"; };
		9A5573E924DE86EE00853A5F /* Assets.xcassets */ = {isa = PBXFileReference; lastKnownFileType = folder.assetcatalog; path = Assets.xcassets; sourceTree = "<group>"; };
		9A5573EC24DE86EE00853A5F /* Preview Assets.xcassets */ = {isa = PBXFileReference; lastKnownFileType = folder.assetcatalog; path = "Preview Assets.xcassets"; sourceTree = "<group>"; };
		9A5573EF24DE86EE00853A5F /* Base */ = {isa = PBXFileReference; lastKnownFileType = file.storyboard; name = Base; path = Base.lproj/LaunchScreen.storyboard; sourceTree = "<group>"; };
		9A5573F124DE86EE00853A5F /* Info.plist */ = {isa = PBXFileReference; lastKnownFileType = text.plist.xml; path = Info.plist; sourceTree = "<group>"; };
		9A5573F624DE86EF00853A5F /* FlickrImageViewerTests.xctest */ = {isa = PBXFileReference; explicitFileType = wrapper.cfbundle; includeInIndex = 0; path = FlickrImageViewerTests.xctest; sourceTree = BUILT_PRODUCTS_DIR; };
		9A5573FC24DE86EF00853A5F /* Info.plist */ = {isa = PBXFileReference; lastKnownFileType = text.plist.xml; path = Info.plist; sourceTree = "<group>"; };
		9A55740124DE86EF00853A5F /* FlickrImageViewerUITests.xctest */ = {isa = PBXFileReference; explicitFileType = wrapper.cfbundle; includeInIndex = 0; path = FlickrImageViewerUITests.xctest; sourceTree = BUILT_PRODUCTS_DIR; };
		9A55740524DE86EF00853A5F /* FlickrImageViewerUITests.swift */ = {isa = PBXFileReference; lastKnownFileType = sourcecode.swift; path = FlickrImageViewerUITests.swift; sourceTree = "<group>"; };
		9A55740724DE86EF00853A5F /* Info.plist */ = {isa = PBXFileReference; lastKnownFileType = text.plist.xml; path = Info.plist; sourceTree = "<group>"; };
		9A55741624DE889400853A5F /* GalleryView.swift */ = {isa = PBXFileReference; lastKnownFileType = sourcecode.swift; path = GalleryView.swift; sourceTree = "<group>"; };
		9A55741824DE88FD00853A5F /* GalleryViewModel.swift */ = {isa = PBXFileReference; lastKnownFileType = sourcecode.swift; path = GalleryViewModel.swift; sourceTree = "<group>"; };
		9A55741A24DE8A0B00853A5F /* LocationManager.swift */ = {isa = PBXFileReference; lastKnownFileType = sourcecode.swift; path = LocationManager.swift; sourceTree = "<group>"; };
		9A55741D24DE8C8400853A5F /* Response.swift */ = {isa = PBXFileReference; lastKnownFileType = sourcecode.swift; path = Response.swift; sourceTree = "<group>"; };
		9A55741F24DE8CD600853A5F /* Errors.swift */ = {isa = PBXFileReference; lastKnownFileType = sourcecode.swift; path = Errors.swift; sourceTree = "<group>"; };
		9AB464DE24DFB6A400256969 /* NetworkRequestProtocol.swift */ = {isa = PBXFileReference; lastKnownFileType = sourcecode.swift; path = NetworkRequestProtocol.swift; sourceTree = "<group>"; };
		9AB464E024DFBB2300256969 /* RequestFactory.swift */ = {isa = PBXFileReference; lastKnownFileType = sourcecode.swift; path = RequestFactory.swift; sourceTree = "<group>"; };
		9AB464E224DFC66500256969 /* CommonPayload.swift */ = {isa = PBXFileReference; lastKnownFileType = sourcecode.swift; path = CommonPayload.swift; sourceTree = "<group>"; };
		9AB464E624DFD02700256969 /* JsonParserableTests.swift */ = {isa = PBXFileReference; lastKnownFileType = sourcecode.swift; path = JsonParserableTests.swift; sourceTree = "<group>"; };
		9AB464E824DFD37800256969 /* RequestFactoryTests.swift */ = {isa = PBXFileReference; lastKnownFileType = sourcecode.swift; path = RequestFactoryTests.swift; sourceTree = "<group>"; };
		9AB464EA24DFE29C00256969 /* MockConfigurationManager.swift */ = {isa = PBXFileReference; lastKnownFileType = sourcecode.swift; path = MockConfigurationManager.swift; sourceTree = "<group>"; };
		9AB464ED24E0169800256969 /* PhotoManagerTests.swift */ = {isa = PBXFileReference; lastKnownFileType = sourcecode.swift; path = PhotoManagerTests.swift; sourceTree = "<group>"; };
		9AB464F124E1386400256969 /* JsonLoader.swift */ = {isa = PBXFileReference; lastKnownFileType = sourcecode.swift; path = JsonLoader.swift; sourceTree = "<group>"; };
		9AB464F524E13A0400256969 /* ParserTests.swift */ = {isa = PBXFileReference; lastKnownFileType = sourcecode.swift; path = ParserTests.swift; sourceTree = "<group>"; };
		9AB464F924E14D7A00256969 /* PhotoGridView.swift */ = {isa = PBXFileReference; lastKnownFileType = sourcecode.swift; path = PhotoGridView.swift; sourceTree = "<group>"; };
		9AB464FB24E1DE3600256969 /* PhotoGridViewModel.swift */ = {isa = PBXFileReference; lastKnownFileType = sourcecode.swift; path = PhotoGridViewModel.swift; sourceTree = "<group>"; };
		9AB464FE24E1E7B400256969 /* PreviewView.swift */ = {isa = PBXFileReference; lastKnownFileType = sourcecode.swift; path = PreviewView.swift; sourceTree = "<group>"; };
		9AB4650024E1E80600256969 /* PreviewViewModel.swift */ = {isa = PBXFileReference; lastKnownFileType = sourcecode.swift; path = PreviewViewModel.swift; sourceTree = "<group>"; };
/* End PBXFileReference section */

/* Begin PBXFrameworksBuildPhase section */
		9A5573DD24DE86EB00853A5F /* Frameworks */ = {
			isa = PBXFrameworksBuildPhase;
			buildActionMask = 2147483647;
			files = (
				9AB4650724E208EF00256969 /* Grid in Frameworks */,
			);
			runOnlyForDeploymentPostprocessing = 0;
		};
		9A5573F324DE86EF00853A5F /* Frameworks */ = {
			isa = PBXFrameworksBuildPhase;
			buildActionMask = 2147483647;
			files = (
			);
			runOnlyForDeploymentPostprocessing = 0;
		};
		9A5573FE24DE86EF00853A5F /* Frameworks */ = {
			isa = PBXFrameworksBuildPhase;
			buildActionMask = 2147483647;
			files = (
			);
			runOnlyForDeploymentPostprocessing = 0;
		};
/* End PBXFrameworksBuildPhase section */

/* Begin PBXGroup section */
		9A3CC62E24DF84110084F2F3 /* Extensions */ = {
			isa = PBXGroup;
			children = (
				9A3CC62F24DF84270084F2F3 /* String+Extensions.swift */,
			);
			path = Extensions;
			sourceTree = "<group>";
		};
		9A3CC64D24DFA6800084F2F3 /* Seeds */ = {
			isa = PBXGroup;
			children = (
				9A3CC65024DFA6AC0084F2F3 /* Photos.json */,
			);
			path = Seeds;
			sourceTree = "<group>";
		};
		9A5573D724DE86EB00853A5F = {
			isa = PBXGroup;
			children = (
				9A5573E224DE86EB00853A5F /* FlickrImageViewer */,
				9A5573F924DE86EF00853A5F /* FlickrImageViewerTests */,
				9A3CC62A24DF83250084F2F3 /* Localizable.strings */,
				9A55740424DE86EF00853A5F /* FlickrImageViewerUITests */,
				9A5573E124DE86EB00853A5F /* Products */,
			);
			sourceTree = "<group>";
		};
		9A5573E124DE86EB00853A5F /* Products */ = {
			isa = PBXGroup;
			children = (
				9A5573E024DE86EB00853A5F /* FlickrImageViewer.app */,
				9A5573F624DE86EF00853A5F /* FlickrImageViewerTests.xctest */,
				9A55740124DE86EF00853A5F /* FlickrImageViewerUITests.xctest */,
			);
			name = Products;
			sourceTree = "<group>";
		};
		9A5573E224DE86EB00853A5F /* FlickrImageViewer */ = {
			isa = PBXGroup;
			children = (
				9A3CC62E24DF84110084F2F3 /* Extensions */,
				9A55741C24DE8C6100853A5F /* InfrastructureLayer */,
				9A55741424DE885C00853A5F /* BusinessLayer */,
				9A5573E324DE86EB00853A5F /* AppDelegate.swift */,
				9A5573E524DE86EB00853A5F /* SceneDelegate.swift */,
				9A5573E924DE86EE00853A5F /* Assets.xcassets */,
				9A5573EE24DE86EE00853A5F /* LaunchScreen.storyboard */,
				9A5573F124DE86EE00853A5F /* Info.plist */,
				9A5573EB24DE86EE00853A5F /* Preview Content */,
				9A3CC63C24DF9B720084F2F3 /* Development.xcconfig */,
				9A3CC63D24DF9B820084F2F3 /* Production.xcconfig */,
				9A3CC64624DF9E2D0084F2F3 /* Base.xcconfig */,
			);
			path = FlickrImageViewer;
			sourceTree = "<group>";
		};
		9A5573EB24DE86EE00853A5F /* Preview Content */ = {
			isa = PBXGroup;
			children = (
				9A5573EC24DE86EE00853A5F /* Preview Assets.xcassets */,
			);
			path = "Preview Content";
			sourceTree = "<group>";
		};
		9A5573F924DE86EF00853A5F /* FlickrImageViewerTests */ = {
			isa = PBXGroup;
			children = (
				9AB464F024E1384E00256969 /* Helper */,
				9AB464EF24E1384400256969 /* Mocks */,
				9A3CC64D24DFA6800084F2F3 /* Seeds */,
				9A5573FC24DE86EF00853A5F /* Info.plist */,
				9A3CC60124DED0220084F2F3 /* LocationFetcherTests.swift */,
				9A3CC60524DEDD9C0084F2F3 /* XCTest+Extensions.swift */,
				9A3CC64B24DFA1DB0084F2F3 /* ConfigurationManagerTests.swift */,
				9AB464E624DFD02700256969 /* JsonParserableTests.swift */,
				9AB464E824DFD37800256969 /* RequestFactoryTests.swift */,
				9AB464ED24E0169800256969 /* PhotoManagerTests.swift */,
				9AB464F524E13A0400256969 /* ParserTests.swift */,
			);
			path = FlickrImageViewerTests;
			sourceTree = "<group>";
		};
		9A55740424DE86EF00853A5F /* FlickrImageViewerUITests */ = {
			isa = PBXGroup;
			children = (
				9A55740524DE86EF00853A5F /* FlickrImageViewerUITests.swift */,
				9A55740724DE86EF00853A5F /* Info.plist */,
			);
			path = FlickrImageViewerUITests;
			sourceTree = "<group>";
		};
		9A55741424DE885C00853A5F /* BusinessLayer */ = {
			isa = PBXGroup;
			children = (
				9AB464FD24E1E77100256969 /* Preview */,
				9A55741524DE886D00853A5F /* Gallery */,
			);
			path = BusinessLayer;
			sourceTree = "<group>";
		};
		9A55741524DE886D00853A5F /* Gallery */ = {
			isa = PBXGroup;
			children = (
				9A55741624DE889400853A5F /* GalleryView.swift */,
				9A55741824DE88FD00853A5F /* GalleryViewModel.swift */,
				9AB464F924E14D7A00256969 /* PhotoGridView.swift */,
				9AB464FB24E1DE3600256969 /* PhotoGridViewModel.swift */,
			);
			path = Gallery;
			sourceTree = "<group>";
		};
		9A55741C24DE8C6100853A5F /* InfrastructureLayer */ = {
			isa = PBXGroup;
			children = (
				9A3CC5FD24DECD580084F2F3 /* LocationManagerProtocol.swift */,
				9A55741A24DE8A0B00853A5F /* LocationManager.swift */,
				9A55741D24DE8C8400853A5F /* Response.swift */,
				9A55741F24DE8CD600853A5F /* Errors.swift */,
				9A3CC63124DF94D50084F2F3 /* Parser.swift */,
				9A3CC63324DF973D0084F2F3 /* PhotoManager.swift */,
				9A3CC64724DFA01D0084F2F3 /* ConfigurationManager.swift */,
				9A3CC65224DFB4BE0084F2F3 /* PhotoRequests.swift */,
				9AB464DE24DFB6A400256969 /* NetworkRequestProtocol.swift */,
				9AB464E024DFBB2300256969 /* RequestFactory.swift */,
				9AB464E224DFC66500256969 /* CommonPayload.swift */,
			);
			path = InfrastructureLayer;
			sourceTree = "<group>";
		};
		9AB464EF24E1384400256969 /* Mocks */ = {
			isa = PBXGroup;
			children = (
				9A3CC5FF24DECEEE0084F2F3 /* MockLocationManager.swift */,
				9AB464EA24DFE29C00256969 /* MockConfigurationManager.swift */,
			);
			path = Mocks;
			sourceTree = "<group>";
		};
		9AB464F024E1384E00256969 /* Helper */ = {
			isa = PBXGroup;
			children = (
				9AB464F124E1386400256969 /* JsonLoader.swift */,
			);
			path = Helper;
			sourceTree = "<group>";
		};
		9AB464FD24E1E77100256969 /* Preview */ = {
			isa = PBXGroup;
			children = (
				9AB464FE24E1E7B400256969 /* PreviewView.swift */,
				9AB4650024E1E80600256969 /* PreviewViewModel.swift */,
			);
			path = Preview;
			sourceTree = "<group>";
		};
/* End PBXGroup section */

/* Begin PBXNativeTarget section */
		9A5573DF24DE86EB00853A5F /* FlickrImageViewer */ = {
			isa = PBXNativeTarget;
			buildConfigurationList = 9A55740A24DE86EF00853A5F /* Build configuration list for PBXNativeTarget "FlickrImageViewer" */;
			buildPhases = (
				9A5573DC24DE86EB00853A5F /* Sources */,
				9A5573DD24DE86EB00853A5F /* Frameworks */,
				9A5573DE24DE86EB00853A5F /* Resources */,
			);
			buildRules = (
			);
			dependencies = (
			);
			name = FlickrImageViewer;
			packageProductDependencies = (
				9AB4650624E208EF00256969 /* Grid */,
			);
			productName = FlickrImageViewer;
			productReference = 9A5573E024DE86EB00853A5F /* FlickrImageViewer.app */;
			productType = "com.apple.product-type.application";
		};
		9A5573F524DE86EF00853A5F /* FlickrImageViewerTests */ = {
			isa = PBXNativeTarget;
			buildConfigurationList = 9A55740D24DE86EF00853A5F /* Build configuration list for PBXNativeTarget "FlickrImageViewerTests" */;
			buildPhases = (
				9A5573F224DE86EF00853A5F /* Sources */,
				9A5573F324DE86EF00853A5F /* Frameworks */,
				9A5573F424DE86EF00853A5F /* Resources */,
			);
			buildRules = (
			);
			dependencies = (
				9A5573F824DE86EF00853A5F /* PBXTargetDependency */,
			);
			name = FlickrImageViewerTests;
			productName = FlickrImageViewerTests;
			productReference = 9A5573F624DE86EF00853A5F /* FlickrImageViewerTests.xctest */;
			productType = "com.apple.product-type.bundle.unit-test";
		};
		9A55740024DE86EF00853A5F /* FlickrImageViewerUITests */ = {
			isa = PBXNativeTarget;
			buildConfigurationList = 9A55741024DE86EF00853A5F /* Build configuration list for PBXNativeTarget "FlickrImageViewerUITests" */;
			buildPhases = (
				9A5573FD24DE86EF00853A5F /* Sources */,
				9A5573FE24DE86EF00853A5F /* Frameworks */,
				9A5573FF24DE86EF00853A5F /* Resources */,
			);
			buildRules = (
			);
			dependencies = (
				9A55740324DE86EF00853A5F /* PBXTargetDependency */,
			);
			name = FlickrImageViewerUITests;
			productName = FlickrImageViewerUITests;
			productReference = 9A55740124DE86EF00853A5F /* FlickrImageViewerUITests.xctest */;
			productType = "com.apple.product-type.bundle.ui-testing";
		};
/* End PBXNativeTarget section */

/* Begin PBXProject section */
		9A5573D824DE86EB00853A5F /* Project object */ = {
			isa = PBXProject;
			attributes = {
				LastSwiftUpdateCheck = 1160;
				LastUpgradeCheck = 1160;
				ORGANIZATIONNAME = "Tran To";
				TargetAttributes = {
					9A5573DF24DE86EB00853A5F = {
						CreatedOnToolsVersion = 11.6;
					};
					9A5573F524DE86EF00853A5F = {
						CreatedOnToolsVersion = 11.6;
						TestTargetID = 9A5573DF24DE86EB00853A5F;
					};
					9A55740024DE86EF00853A5F = {
						CreatedOnToolsVersion = 11.6;
						TestTargetID = 9A5573DF24DE86EB00853A5F;
					};
				};
			};
			buildConfigurationList = 9A5573DB24DE86EB00853A5F /* Build configuration list for PBXProject "FlickrImageViewer" */;
			compatibilityVersion = "Xcode 9.3";
			developmentRegion = en;
			hasScannedForEncodings = 0;
			knownRegions = (
				en,
				Base,
				vi,
			);
			mainGroup = 9A5573D724DE86EB00853A5F;
			packageReferences = (
				9AB4650524E208EE00256969 /* XCRemoteSwiftPackageReference "swiftui-grid" */,
			);
			productRefGroup = 9A5573E124DE86EB00853A5F /* Products */;
			projectDirPath = "";
			projectRoot = "";
			targets = (
				9A5573DF24DE86EB00853A5F /* FlickrImageViewer */,
				9A5573F524DE86EF00853A5F /* FlickrImageViewerTests */,
				9A55740024DE86EF00853A5F /* FlickrImageViewerUITests */,
			);
		};
/* End PBXProject section */

/* Begin PBXResourcesBuildPhase section */
		9A5573DE24DE86EB00853A5F /* Resources */ = {
			isa = PBXResourcesBuildPhase;
			buildActionMask = 2147483647;
			files = (
				9A5573F024DE86EE00853A5F /* LaunchScreen.storyboard in Resources */,
				9A3CC62824DF83250084F2F3 /* Localizable.strings in Resources */,
				9A5573ED24DE86EE00853A5F /* Preview Assets.xcassets in Resources */,
				9A5573EA24DE86EE00853A5F /* Assets.xcassets in Resources */,
			);
			runOnlyForDeploymentPostprocessing = 0;
		};
		9A5573F424DE86EF00853A5F /* Resources */ = {
			isa = PBXResourcesBuildPhase;
			buildActionMask = 2147483647;
			files = (
				9A3CC65124DFA6AC0084F2F3 /* Photos.json in Resources */,
			);
			runOnlyForDeploymentPostprocessing = 0;
		};
		9A5573FF24DE86EF00853A5F /* Resources */ = {
			isa = PBXResourcesBuildPhase;
			buildActionMask = 2147483647;
			files = (
			);
			runOnlyForDeploymentPostprocessing = 0;
		};
/* End PBXResourcesBuildPhase section */

/* Begin PBXSourcesBuildPhase section */
		9A5573DC24DE86EB00853A5F /* Sources */ = {
			isa = PBXSourcesBuildPhase;
			buildActionMask = 2147483647;
			files = (
				9AB464FC24E1DE3600256969 /* PhotoGridViewModel.swift in Sources */,
				9A3CC63024DF84270084F2F3 /* String+Extensions.swift in Sources */,
				9A3CC63224DF94D50084F2F3 /* Parser.swift in Sources */,
				9AB4650124E1E80600256969 /* PreviewViewModel.swift in Sources */,
				9AB464E324DFC66500256969 /* CommonPayload.swift in Sources */,
				9A5573E424DE86EB00853A5F /* AppDelegate.swift in Sources */,
				9A55741924DE88FD00853A5F /* GalleryViewModel.swift in Sources */,
				9A55741B24DE8A0B00853A5F /* LocationManager.swift in Sources */,
				9AB464FF24E1E7B400256969 /* PreviewView.swift in Sources */,
				9A3CC63424DF973D0084F2F3 /* PhotoManager.swift in Sources */,
				9A5573E624DE86EB00853A5F /* SceneDelegate.swift in Sources */,
				9AB464DF24DFB6A400256969 /* NetworkRequestProtocol.swift in Sources */,
				9A3CC65324DFB4BE0084F2F3 /* PhotoRequests.swift in Sources */,
				9AB464FA24E14D7A00256969 /* PhotoGridView.swift in Sources */,
				9A3CC64824DFA01D0084F2F3 /* ConfigurationManager.swift in Sources */,
				9A55741E24DE8C8400853A5F /* Response.swift in Sources */,
				9A55742024DE8CD600853A5F /* Errors.swift in Sources */,
				9A55741724DE889400853A5F /* GalleryView.swift in Sources */,
				9A3CC5FE24DECD580084F2F3 /* LocationManagerProtocol.swift in Sources */,
				9AB464E124DFBB2300256969 /* RequestFactory.swift in Sources */,
			);
			runOnlyForDeploymentPostprocessing = 0;
		};
		9A5573F224DE86EF00853A5F /* Sources */ = {
			isa = PBXSourcesBuildPhase;
			buildActionMask = 2147483647;
			files = (
				9A3CC64C24DFA1DB0084F2F3 /* ConfigurationManagerTests.swift in Sources */,
				9AB464F224E1386400256969 /* JsonLoader.swift in Sources */,
				9AB464F624E13A0400256969 /* ParserTests.swift in Sources */,
				9AB464EB24DFE29C00256969 /* MockConfigurationManager.swift in Sources */,
				9AB464EE24E0169800256969 /* PhotoManagerTests.swift in Sources */,
				9AB464E724DFD02700256969 /* JsonParserableTests.swift in Sources */,
				9AB464E924DFD37800256969 /* RequestFactoryTests.swift in Sources */,
				9A3CC60624DEDD9C0084F2F3 /* XCTest+Extensions.swift in Sources */,
				9A3CC60224DED0220084F2F3 /* LocationFetcherTests.swift in Sources */,
				9A3CC60024DECEEE0084F2F3 /* MockLocationManager.swift in Sources */,
			);
			runOnlyForDeploymentPostprocessing = 0;
		};
		9A5573FD24DE86EF00853A5F /* Sources */ = {
			isa = PBXSourcesBuildPhase;
			buildActionMask = 2147483647;
			files = (
				9A55740624DE86EF00853A5F /* FlickrImageViewerUITests.swift in Sources */,
			);
			runOnlyForDeploymentPostprocessing = 0;
		};
/* End PBXSourcesBuildPhase section */

/* Begin PBXTargetDependency section */
		9A5573F824DE86EF00853A5F /* PBXTargetDependency */ = {
			isa = PBXTargetDependency;
			target = 9A5573DF24DE86EB00853A5F /* FlickrImageViewer */;
			targetProxy = 9A5573F724DE86EF00853A5F /* PBXContainerItemProxy */;
		};
		9A55740324DE86EF00853A5F /* PBXTargetDependency */ = {
			isa = PBXTargetDependency;
			target = 9A5573DF24DE86EB00853A5F /* FlickrImageViewer */;
			targetProxy = 9A55740224DE86EF00853A5F /* PBXContainerItemProxy */;
		};
/* End PBXTargetDependency section */

/* Begin PBXVariantGroup section */
		9A3CC62A24DF83250084F2F3 /* Localizable.strings */ = {
			isa = PBXVariantGroup;
			children = (
				9A3CC62924DF83250084F2F3 /* en */,
				9A3CC62B24DF83450084F2F3 /* vi */,
			);
			name = Localizable.strings;
			sourceTree = "<group>";
		};
		9A5573EE24DE86EE00853A5F /* LaunchScreen.storyboard */ = {
			isa = PBXVariantGroup;
			children = (
				9A5573EF24DE86EE00853A5F /* Base */,
				9A3CC62C24DF83450084F2F3 /* vi */,
			);
			name = LaunchScreen.storyboard;
			sourceTree = "<group>";
		};
/* End PBXVariantGroup section */

/* Begin XCBuildConfiguration section */
		9A3CC63E24DF9CD90084F2F3 /* Production */ = {
			isa = XCBuildConfiguration;
			baseConfigurationReference = 9A3CC63D24DF9B820084F2F3 /* Production.xcconfig */;
			buildSettings = {
				ALWAYS_SEARCH_USER_PATHS = NO;
				CLANG_ANALYZER_LOCALIZABILITY_NONLOCALIZED = YES;
				CLANG_ANALYZER_NONNULL = YES;
				CLANG_ANALYZER_NUMBER_OBJECT_CONVERSION = YES_AGGRESSIVE;
				CLANG_CXX_LANGUAGE_STANDARD = "gnu++14";
				CLANG_CXX_LIBRARY = "libc++";
				CLANG_ENABLE_MODULES = YES;
				CLANG_ENABLE_OBJC_ARC = YES;
				CLANG_ENABLE_OBJC_WEAK = YES;
				CLANG_WARN_BLOCK_CAPTURE_AUTORELEASING = YES;
				CLANG_WARN_BOOL_CONVERSION = YES;
				CLANG_WARN_COMMA = YES;
				CLANG_WARN_CONSTANT_CONVERSION = YES;
				CLANG_WARN_DEPRECATED_OBJC_IMPLEMENTATIONS = YES;
				CLANG_WARN_DIRECT_OBJC_ISA_USAGE = YES_ERROR;
				CLANG_WARN_DOCUMENTATION_COMMENTS = YES;
				CLANG_WARN_EMPTY_BODY = YES;
				CLANG_WARN_ENUM_CONVERSION = YES;
				CLANG_WARN_INFINITE_RECURSION = YES;
				CLANG_WARN_INT_CONVERSION = YES;
				CLANG_WARN_NON_LITERAL_NULL_CONVERSION = YES;
				CLANG_WARN_OBJC_IMPLICIT_RETAIN_SELF = YES;
				CLANG_WARN_OBJC_LITERAL_CONVERSION = YES;
				CLANG_WARN_OBJC_ROOT_CLASS = YES_ERROR;
				CLANG_WARN_RANGE_LOOP_ANALYSIS = YES;
				CLANG_WARN_STRICT_PROTOTYPES = YES;
				CLANG_WARN_SUSPICIOUS_MOVE = YES;
				CLANG_WARN_UNGUARDED_AVAILABILITY = YES_AGGRESSIVE;
				CLANG_WARN_UNREACHABLE_CODE = YES;
				CLANG_WARN__DUPLICATE_METHOD_MATCH = YES;
				COPY_PHASE_STRIP = NO;
				DEBUG_INFORMATION_FORMAT = dwarf;
				ENABLE_STRICT_OBJC_MSGSEND = YES;
				ENABLE_TESTABILITY = YES;
				GCC_C_LANGUAGE_STANDARD = gnu11;
				GCC_DYNAMIC_NO_PIC = NO;
				GCC_NO_COMMON_BLOCKS = YES;
				GCC_OPTIMIZATION_LEVEL = 0;
				GCC_PREPROCESSOR_DEFINITIONS = (
					"DEBUG=1",
					"$(inherited)",
				);
				GCC_WARN_64_TO_32_BIT_CONVERSION = YES;
				GCC_WARN_ABOUT_RETURN_TYPE = YES_ERROR;
				GCC_WARN_UNDECLARED_SELECTOR = YES;
				GCC_WARN_UNINITIALIZED_AUTOS = YES_AGGRESSIVE;
				GCC_WARN_UNUSED_FUNCTION = YES;
				GCC_WARN_UNUSED_VARIABLE = YES;
				IPHONEOS_DEPLOYMENT_TARGET = 13.6;
				MTL_ENABLE_DEBUG_INFO = INCLUDE_SOURCE;
				MTL_FAST_MATH = YES;
				ONLY_ACTIVE_ARCH = YES;
				SDKROOT = iphoneos;
				SWIFT_ACTIVE_COMPILATION_CONDITIONS = DEBUG;
				SWIFT_OPTIMIZATION_LEVEL = "-Onone";
			};
			name = Production;
		};
		9A3CC63F24DF9CD90084F2F3 /* Production */ = {
			isa = XCBuildConfiguration;
			buildSettings = {
				ASSETCATALOG_COMPILER_APPICON_NAME = AppIcon;
				CODE_SIGN_STYLE = Automatic;
				DEVELOPMENT_ASSET_PATHS = "\"FlickrImageViewer/Preview Content\"";
				ENABLE_PREVIEWS = YES;
				INFOPLIST_FILE = FlickrImageViewer/Info.plist;
				LD_RUNPATH_SEARCH_PATHS = (
					"$(inherited)",
					"@executable_path/Frameworks",
				);
				PRODUCT_BUNDLE_IDENTIFIER = com.tnt.hospitalAssistant.FlickrImageViewer;
				PRODUCT_NAME = "$(TARGET_NAME)";
				SWIFT_VERSION = 5.0;
				TARGETED_DEVICE_FAMILY = "1,2";
			};
			name = Production;
		};
		9A3CC64024DF9CD90084F2F3 /* Production */ = {
			isa = XCBuildConfiguration;
			buildSettings = {
				ALWAYS_EMBED_SWIFT_STANDARD_LIBRARIES = YES;
				BUNDLE_LOADER = "$(TEST_HOST)";
				CODE_SIGN_STYLE = Automatic;
				INFOPLIST_FILE = FlickrImageViewerTests/Info.plist;
				IPHONEOS_DEPLOYMENT_TARGET = 13.6;
				LD_RUNPATH_SEARCH_PATHS = (
					"$(inherited)",
					"@executable_path/Frameworks",
					"@loader_path/Frameworks",
				);
				PRODUCT_BUNDLE_IDENTIFIER = com.tnt.hospitalAssistant.FlickrImageViewerTests;
				PRODUCT_NAME = "$(TARGET_NAME)";
				SWIFT_VERSION = 5.0;
				TARGETED_DEVICE_FAMILY = "1,2";
				TEST_HOST = "$(BUILT_PRODUCTS_DIR)/FlickrImageViewer.app/FlickrImageViewer";
			};
			name = Production;
		};
		9A3CC64124DF9CD90084F2F3 /* Production */ = {
			isa = XCBuildConfiguration;
			buildSettings = {
				ALWAYS_EMBED_SWIFT_STANDARD_LIBRARIES = YES;
				CODE_SIGN_STYLE = Automatic;
				INFOPLIST_FILE = FlickrImageViewerUITests/Info.plist;
				LD_RUNPATH_SEARCH_PATHS = (
					"$(inherited)",
					"@executable_path/Frameworks",
					"@loader_path/Frameworks",
				);
				PRODUCT_BUNDLE_IDENTIFIER = com.tnt.hospitalAssistant.FlickrImageViewerUITests;
				PRODUCT_NAME = "$(TARGET_NAME)";
				SWIFT_VERSION = 5.0;
				TARGETED_DEVICE_FAMILY = "1,2";
				TEST_TARGET_NAME = FlickrImageViewer;
			};
			name = Production;
		};
		9A55740824DE86EF00853A5F /* Development */ = {
			isa = XCBuildConfiguration;
			baseConfigurationReference = 9A3CC63C24DF9B720084F2F3 /* Development.xcconfig */;
			buildSettings = {
				ALWAYS_SEARCH_USER_PATHS = NO;
				CLANG_ANALYZER_LOCALIZABILITY_NONLOCALIZED = YES;
				CLANG_ANALYZER_NONNULL = YES;
				CLANG_ANALYZER_NUMBER_OBJECT_CONVERSION = YES_AGGRESSIVE;
				CLANG_CXX_LANGUAGE_STANDARD = "gnu++14";
				CLANG_CXX_LIBRARY = "libc++";
				CLANG_ENABLE_MODULES = YES;
				CLANG_ENABLE_OBJC_ARC = YES;
				CLANG_ENABLE_OBJC_WEAK = YES;
				CLANG_WARN_BLOCK_CAPTURE_AUTORELEASING = YES;
				CLANG_WARN_BOOL_CONVERSION = YES;
				CLANG_WARN_COMMA = YES;
				CLANG_WARN_CONSTANT_CONVERSION = YES;
				CLANG_WARN_DEPRECATED_OBJC_IMPLEMENTATIONS = YES;
				CLANG_WARN_DIRECT_OBJC_ISA_USAGE = YES_ERROR;
				CLANG_WARN_DOCUMENTATION_COMMENTS = YES;
				CLANG_WARN_EMPTY_BODY = YES;
				CLANG_WARN_ENUM_CONVERSION = YES;
				CLANG_WARN_INFINITE_RECURSION = YES;
				CLANG_WARN_INT_CONVERSION = YES;
				CLANG_WARN_NON_LITERAL_NULL_CONVERSION = YES;
				CLANG_WARN_OBJC_IMPLICIT_RETAIN_SELF = YES;
				CLANG_WARN_OBJC_LITERAL_CONVERSION = YES;
				CLANG_WARN_OBJC_ROOT_CLASS = YES_ERROR;
				CLANG_WARN_RANGE_LOOP_ANALYSIS = YES;
				CLANG_WARN_STRICT_PROTOTYPES = YES;
				CLANG_WARN_SUSPICIOUS_MOVE = YES;
				CLANG_WARN_UNGUARDED_AVAILABILITY = YES_AGGRESSIVE;
				CLANG_WARN_UNREACHABLE_CODE = YES;
				CLANG_WARN__DUPLICATE_METHOD_MATCH = YES;
				COPY_PHASE_STRIP = NO;
				DEBUG_INFORMATION_FORMAT = dwarf;
				ENABLE_STRICT_OBJC_MSGSEND = YES;
				ENABLE_TESTABILITY = YES;
				GCC_C_LANGUAGE_STANDARD = gnu11;
				GCC_DYNAMIC_NO_PIC = NO;
				GCC_NO_COMMON_BLOCKS = YES;
				GCC_OPTIMIZATION_LEVEL = 0;
				GCC_PREPROCESSOR_DEFINITIONS = (
					"DEBUG=1",
					"$(inherited)",
				);
				GCC_WARN_64_TO_32_BIT_CONVERSION = YES;
				GCC_WARN_ABOUT_RETURN_TYPE = YES_ERROR;
				GCC_WARN_UNDECLARED_SELECTOR = YES;
				GCC_WARN_UNINITIALIZED_AUTOS = YES_AGGRESSIVE;
				GCC_WARN_UNUSED_FUNCTION = YES;
				GCC_WARN_UNUSED_VARIABLE = YES;
				IPHONEOS_DEPLOYMENT_TARGET = 13.6;
				MTL_ENABLE_DEBUG_INFO = INCLUDE_SOURCE;
				MTL_FAST_MATH = YES;
				ONLY_ACTIVE_ARCH = YES;
				SDKROOT = iphoneos;
				SWIFT_ACTIVE_COMPILATION_CONDITIONS = DEBUG;
				SWIFT_OPTIMIZATION_LEVEL = "-Onone";
			};
			name = Development;
		};
		9A55740924DE86EF00853A5F /* Release */ = {
			isa = XCBuildConfiguration;
			buildSettings = {
				ALWAYS_SEARCH_USER_PATHS = NO;
				CLANG_ANALYZER_LOCALIZABILITY_NONLOCALIZED = YES;
				CLANG_ANALYZER_NONNULL = YES;
				CLANG_ANALYZER_NUMBER_OBJECT_CONVERSION = YES_AGGRESSIVE;
				CLANG_CXX_LANGUAGE_STANDARD = "gnu++14";
				CLANG_CXX_LIBRARY = "libc++";
				CLANG_ENABLE_MODULES = YES;
				CLANG_ENABLE_OBJC_ARC = YES;
				CLANG_ENABLE_OBJC_WEAK = YES;
				CLANG_WARN_BLOCK_CAPTURE_AUTORELEASING = YES;
				CLANG_WARN_BOOL_CONVERSION = YES;
				CLANG_WARN_COMMA = YES;
				CLANG_WARN_CONSTANT_CONVERSION = YES;
				CLANG_WARN_DEPRECATED_OBJC_IMPLEMENTATIONS = YES;
				CLANG_WARN_DIRECT_OBJC_ISA_USAGE = YES_ERROR;
				CLANG_WARN_DOCUMENTATION_COMMENTS = YES;
				CLANG_WARN_EMPTY_BODY = YES;
				CLANG_WARN_ENUM_CONVERSION = YES;
				CLANG_WARN_INFINITE_RECURSION = YES;
				CLANG_WARN_INT_CONVERSION = YES;
				CLANG_WARN_NON_LITERAL_NULL_CONVERSION = YES;
				CLANG_WARN_OBJC_IMPLICIT_RETAIN_SELF = YES;
				CLANG_WARN_OBJC_LITERAL_CONVERSION = YES;
				CLANG_WARN_OBJC_ROOT_CLASS = YES_ERROR;
				CLANG_WARN_RANGE_LOOP_ANALYSIS = YES;
				CLANG_WARN_STRICT_PROTOTYPES = YES;
				CLANG_WARN_SUSPICIOUS_MOVE = YES;
				CLANG_WARN_UNGUARDED_AVAILABILITY = YES_AGGRESSIVE;
				CLANG_WARN_UNREACHABLE_CODE = YES;
				CLANG_WARN__DUPLICATE_METHOD_MATCH = YES;
				COPY_PHASE_STRIP = NO;
				DEBUG_INFORMATION_FORMAT = "dwarf-with-dsym";
				ENABLE_NS_ASSERTIONS = NO;
				ENABLE_STRICT_OBJC_MSGSEND = YES;
				GCC_C_LANGUAGE_STANDARD = gnu11;
				GCC_NO_COMMON_BLOCKS = YES;
				GCC_WARN_64_TO_32_BIT_CONVERSION = YES;
				GCC_WARN_ABOUT_RETURN_TYPE = YES_ERROR;
				GCC_WARN_UNDECLARED_SELECTOR = YES;
				GCC_WARN_UNINITIALIZED_AUTOS = YES_AGGRESSIVE;
				GCC_WARN_UNUSED_FUNCTION = YES;
				GCC_WARN_UNUSED_VARIABLE = YES;
				IPHONEOS_DEPLOYMENT_TARGET = 13.6;
				MTL_ENABLE_DEBUG_INFO = NO;
				MTL_FAST_MATH = YES;
				SDKROOT = iphoneos;
				SWIFT_COMPILATION_MODE = wholemodule;
				SWIFT_OPTIMIZATION_LEVEL = "-O";
				VALIDATE_PRODUCT = YES;
			};
			name = Release;
		};
		9A55740B24DE86EF00853A5F /* Development */ = {
			isa = XCBuildConfiguration;
			buildSettings = {
				ASSETCATALOG_COMPILER_APPICON_NAME = AppIcon;
				CODE_SIGN_STYLE = Automatic;
				DEVELOPMENT_ASSET_PATHS = "\"FlickrImageViewer/Preview Content\"";
				ENABLE_PREVIEWS = YES;
				INFOPLIST_FILE = FlickrImageViewer/Info.plist;
				LD_RUNPATH_SEARCH_PATHS = (
					"$(inherited)",
					"@executable_path/Frameworks",
				);
				PRODUCT_BUNDLE_IDENTIFIER = com.tnt.hospitalAssistant.FlickrImageViewer;
				PRODUCT_NAME = "$(TARGET_NAME)";
				SWIFT_VERSION = 5.0;
				TARGETED_DEVICE_FAMILY = "1,2";
			};
			name = Development;
		};
		9A55740C24DE86EF00853A5F /* Release */ = {
			isa = XCBuildConfiguration;
			buildSettings = {
				ASSETCATALOG_COMPILER_APPICON_NAME = AppIcon;
				CODE_SIGN_STYLE = Automatic;
				DEVELOPMENT_ASSET_PATHS = "\"FlickrImageViewer/Preview Content\"";
				ENABLE_PREVIEWS = YES;
				INFOPLIST_FILE = FlickrImageViewer/Info.plist;
				LD_RUNPATH_SEARCH_PATHS = (
					"$(inherited)",
					"@executable_path/Frameworks",
				);
				PRODUCT_BUNDLE_IDENTIFIER = com.tnt.hospitalAssistant.FlickrImageViewer;
				PRODUCT_NAME = "$(TARGET_NAME)";
				SWIFT_VERSION = 5.0;
				TARGETED_DEVICE_FAMILY = "1,2";
			};
			name = Release;
		};
		9A55740E24DE86EF00853A5F /* Development */ = {
			isa = XCBuildConfiguration;
			buildSettings = {
				ALWAYS_EMBED_SWIFT_STANDARD_LIBRARIES = YES;
				BUNDLE_LOADER = "$(TEST_HOST)";
				CODE_SIGN_STYLE = Automatic;
				INFOPLIST_FILE = FlickrImageViewerTests/Info.plist;
				IPHONEOS_DEPLOYMENT_TARGET = 13.6;
				LD_RUNPATH_SEARCH_PATHS = (
					"$(inherited)",
					"@executable_path/Frameworks",
					"@loader_path/Frameworks",
				);
				PRODUCT_BUNDLE_IDENTIFIER = com.tnt.hospitalAssistant.FlickrImageViewerTests;
				PRODUCT_NAME = "$(TARGET_NAME)";
				SWIFT_VERSION = 5.0;
				TARGETED_DEVICE_FAMILY = "1,2";
				TEST_HOST = "$(BUILT_PRODUCTS_DIR)/FlickrImageViewer.app/FlickrImageViewer";
			};
			name = Development;
		};
		9A55740F24DE86EF00853A5F /* Release */ = {
			isa = XCBuildConfiguration;
			buildSettings = {
				ALWAYS_EMBED_SWIFT_STANDARD_LIBRARIES = YES;
				BUNDLE_LOADER = "$(TEST_HOST)";
				CODE_SIGN_STYLE = Automatic;
				INFOPLIST_FILE = FlickrImageViewerTests/Info.plist;
				IPHONEOS_DEPLOYMENT_TARGET = 13.6;
				LD_RUNPATH_SEARCH_PATHS = (
					"$(inherited)",
					"@executable_path/Frameworks",
					"@loader_path/Frameworks",
				);
				PRODUCT_BUNDLE_IDENTIFIER = com.tnt.hospitalAssistant.FlickrImageViewerTests;
				PRODUCT_NAME = "$(TARGET_NAME)";
				SWIFT_VERSION = 5.0;
				TARGETED_DEVICE_FAMILY = "1,2";
				TEST_HOST = "$(BUILT_PRODUCTS_DIR)/FlickrImageViewer.app/FlickrImageViewer";
			};
			name = Release;
		};
		9A55741124DE86EF00853A5F /* Development */ = {
			isa = XCBuildConfiguration;
			buildSettings = {
				ALWAYS_EMBED_SWIFT_STANDARD_LIBRARIES = YES;
				CODE_SIGN_STYLE = Automatic;
				INFOPLIST_FILE = FlickrImageViewerUITests/Info.plist;
				LD_RUNPATH_SEARCH_PATHS = (
					"$(inherited)",
					"@executable_path/Frameworks",
					"@loader_path/Frameworks",
				);
				PRODUCT_BUNDLE_IDENTIFIER = com.tnt.hospitalAssistant.FlickrImageViewerUITests;
				PRODUCT_NAME = "$(TARGET_NAME)";
				SWIFT_VERSION = 5.0;
				TARGETED_DEVICE_FAMILY = "1,2";
				TEST_TARGET_NAME = FlickrImageViewer;
			};
			name = Development;
		};
		9A55741224DE86EF00853A5F /* Release */ = {
			isa = XCBuildConfiguration;
			buildSettings = {
				ALWAYS_EMBED_SWIFT_STANDARD_LIBRARIES = YES;
				CODE_SIGN_STYLE = Automatic;
				INFOPLIST_FILE = FlickrImageViewerUITests/Info.plist;
				LD_RUNPATH_SEARCH_PATHS = (
					"$(inherited)",
					"@executable_path/Frameworks",
					"@loader_path/Frameworks",
				);
				PRODUCT_BUNDLE_IDENTIFIER = com.tnt.hospitalAssistant.FlickrImageViewerUITests;
				PRODUCT_NAME = "$(TARGET_NAME)";
				SWIFT_VERSION = 5.0;
				TARGETED_DEVICE_FAMILY = "1,2";
				TEST_TARGET_NAME = FlickrImageViewer;
			};
			name = Release;
		};
/* End XCBuildConfiguration section */

/* Begin XCConfigurationList section */
		9A5573DB24DE86EB00853A5F /* Build configuration list for PBXProject "FlickrImageViewer" */ = {
			isa = XCConfigurationList;
			buildConfigurations = (
				9A55740824DE86EF00853A5F /* Development */,
				9A3CC63E24DF9CD90084F2F3 /* Production */,
				9A55740924DE86EF00853A5F /* Release */,
			);
			defaultConfigurationIsVisible = 0;
			defaultConfigurationName = Release;
		};
		9A55740A24DE86EF00853A5F /* Build configuration list for PBXNativeTarget "FlickrImageViewer" */ = {
			isa = XCConfigurationList;
			buildConfigurations = (
				9A55740B24DE86EF00853A5F /* Development */,
				9A3CC63F24DF9CD90084F2F3 /* Production */,
				9A55740C24DE86EF00853A5F /* Release */,
			);
			defaultConfigurationIsVisible = 0;
			defaultConfigurationName = Release;
		};
		9A55740D24DE86EF00853A5F /* Build configuration list for PBXNativeTarget "FlickrImageViewerTests" */ = {
			isa = XCConfigurationList;
			buildConfigurations = (
				9A55740E24DE86EF00853A5F /* Development */,
				9A3CC64024DF9CD90084F2F3 /* Production */,
				9A55740F24DE86EF00853A5F /* Release */,
			);
			defaultConfigurationIsVisible = 0;
			defaultConfigurationName = Release;
		};
		9A55741024DE86EF00853A5F /* Build configuration list for PBXNativeTarget "FlickrImageViewerUITests" */ = {
			isa = XCConfigurationList;
			buildConfigurations = (
				9A55741124DE86EF00853A5F /* Development */,
				9A3CC64124DF9CD90084F2F3 /* Production */,
				9A55741224DE86EF00853A5F /* Release */,
			);
			defaultConfigurationIsVisible = 0;
			defaultConfigurationName = Release;
		};
/* End XCConfigurationList section */

/* Begin XCRemoteSwiftPackageReference section */
		9AB4650524E208EE00256969 /* XCRemoteSwiftPackageReference "swiftui-grid" */ = {
			isa = XCRemoteSwiftPackageReference;
			repositoryURL = "git@github.com:spacenation/swiftui-grid.git";
			requirement = {
				kind = upToNextMajorVersion;
				minimumVersion = 1.0.4;
			};
		};
/* End XCRemoteSwiftPackageReference section */

/* Begin XCSwiftPackageProductDependency section */
		9AB4650624E208EF00256969 /* Grid */ = {
			isa = XCSwiftPackageProductDependency;
			package = 9AB4650524E208EE00256969 /* XCRemoteSwiftPackageReference "swiftui-grid" */;
			productName = Grid;
		};
/* End XCSwiftPackageProductDependency section */
	};
	rootObject = 9A5573D824DE86EB00853A5F /* Project object */;
}
